{
    "firebase/php-jwt": {
        "version": "v5.0.0"
    },
    "google/apiclient": {
        "version": "2.0",
        "recipe": {
            "repo": "github.com/symfony/recipes-contrib",
            "branch": "master",
            "version": "2.0",
            "ref": "49c5d7a66d863d28513979bf0666dc77599100c0"
        },
        "files": [
            "config/packages/google_apiclient.yaml"
        ]
    },
    "google/apiclient-services": {
        "version": "v0.115"
    },
    "google/auth": {
        "version": "v1.5.2"
    },
    "guzzlehttp/guzzle": {
        "version": "6.3.3"
    },
    "guzzlehttp/promises": {
        "version": "v1.3.1"
    },
    "guzzlehttp/psr7": {
        "version": "1.6.1"
    },
    "monolog/monolog": {
        "version": "2.0.0"
    },
    "phpseclib/phpseclib": {
        "version": "2.0.23"
    },
    "psr/cache": {
        "version": "1.0.1"
    },
    "psr/container": {
        "version": "1.0.0"
    },
    "psr/http-message": {
        "version": "1.0.1"
    },
    "psr/log": {
        "version": "1.1.0"
    },
    "ralouphie/getallheaders": {
        "version": "3.0.3"
    },
    "symfony/asset": {
        "version": "v4.3.4"
    },
    "symfony/cache": {
        "version": "v4.3.4"
    },
    "symfony/cache-contracts": {
        "version": "v1.1.5"
    },
    "symfony/config": {
        "version": "v4.3.4"
    },
    "symfony/console": {
        "version": "3.3",
        "recipe": {
            "repo": "github.com/symfony/recipes",
            "branch": "master",
            "version": "3.3",
            "ref": "482d233eb8de91ebd042992077bbd5838858890c"
        },
        "files": [
            "bin/console",
            "config/bootstrap.php"
        ]
    },
    "symfony/debug": {
        "version": "v4.3.4"
    },
    "symfony/dependency-injection": {
        "version": "v4.3.4"
    },
    "symfony/dotenv": {
        "version": "v4.3.4"
    },
    "symfony/event-dispatcher": {
        "version": "v4.3.4"
    },
    "symfony/event-dispatcher-contracts": {
        "version": "v1.1.5"
    },
    "symfony/filesystem": {
        "version": "v4.3.4"
    },
    "symfony/finder": {
        "version": "v4.3.4"
    },
    "symfony/flex": {
        "version": "1.0",
        "recipe": {
            "repo": "github.com/symfony/recipes",
            "branch": "master",
            "version": "1.0",
            "ref": "dc3fc2e0334a4137c47cfd5a3ececc601fa61a0b"
        },
        "files": [
            ".env"
        ]
    },
    "symfony/framework-bundle": {
        "version": "4.2",
        "recipe": {
            "repo": "github.com/symfony/recipes",
            "branch": "master",
            "version": "4.2",
            "ref": "61ad963f28c091b8bb9449507654b9c7d8bbb53c"
        },
        "files": [
            "config/bootstrap.php",
            "config/packages/cache.yaml",
            "config/packages/framework.yaml",
            "config/packages/test/framework.yaml",
            "config/services.yaml",
            "public/index.php",
            "src/Controller/.gitignore",
            "src/Kernel.php"
        ]
    },
    "symfony/http-client": {
        "version": "v4.3.4"
    },
    "symfony/http-client-contracts": {
        "version": "v1.1.6"
    },
    "symfony/http-foundation": {
        "version": "v4.3.4"
    },
    "symfony/http-kernel": {
        "version": "v4.3.4"
    },
    "symfony/mime": {
        "version": "v4.3.4"
    },
    "symfony/polyfill-intl-idn": {
        "version": "v1.12.0"
    },
    "symfony/polyfill-mbstring": {
        "version": "v1.12.0"
    },
    "symfony/polyfill-php72": {
        "version": "v1.12.0"
    },
    "symfony/polyfill-php73": {
        "version": "v1.12.0"
    },
    "symfony/profiler-pack": {
        "version": "v1.0.4"
    },
    "symfony/routing": {
        "version": "4.2",
        "recipe": {
            "repo": "github.com/symfony/recipes",
            "branch": "master",
            "version": "4.2",
            "ref": "4c107a8d23a16b997178fbd4103b8d2f54f688b7"
        },
        "files": [
            "config/packages/dev/routing.yaml",
            "config/packages/routing.yaml",
            "config/packages/test/routing.yaml",
            "config/routes.yaml"
        ]
    },
    "symfony/service-contracts": {
        "version": "v1.1.6"
    },
    "symfony/stopwatch": {
        "version": "v4.3.4"
    },
    "symfony/translation-contracts": {
        "version": "v1.1.6"
    },
    "symfony/twig-bridge": {
        "version": "v4.3.4"
    },
    "symfony/twig-bundle": {
        "version": "3.3",
        "recipe": {
            "repo": "github.com/symfony/recipes",
            "branch": "master",
            "version": "3.3",
            "ref": "369b5b29dc52b2c190002825ae7ec24ab6f962dd"
        },
        "files": [
            "config/packages/twig.yaml",
            "config/routes/dev/twig.yaml",
            "templates/base.html.twig"
        ]
    },
    "symfony/var-dumper": {
        "version": "v4.3.4"
    },
    "symfony/var-exporter": {
        "version": "v4.3.4"
    },
    "symfony/web-profiler-bundle": {
        "version": "3.3",
        "recipe": {
            "repo": "github.com/symfony/recipes",
            "branch": "master",
            "version": "3.3",
            "ref": "6bdfa1a95f6b2e677ab985cd1af2eae35d62e0f6"
        },
        "files": [
            "config/packages/dev/web_profiler.yaml",
            "config/packages/test/web_profiler.yaml",
            "config/routes/dev/web_profiler.yaml"
        ]
    },
    "symfony/webpack-encore-bundle": {
        "version": "1.0",
        "recipe": {
            "repo": "github.com/symfony/recipes",
            "branch": "master",
            "version": "1.0",
            "ref": "d3b160b9799c91cbfc3df6f018c795f3bf88698a"
        },
        "files": [
            "assets/css/app.css",
            "assets/js/app.js",
            "config/packages/assets.yaml",
            "config/packages/prod/webpack_encore.yaml",
            "config/packages/webpack_encore.yaml",
            "package.json",
            "webpack.config.js"
        ]
    },
    "symfony/yaml": {
        "version": "v4.3.4"
    },
    "twig/twig": {
        "version": "v2.11.3"
    }
}
